
Microsoft Visual Studio Solution File, Format Version 12.00
# Visual Studio Version 17
VisualStudioVersion = 17.14.36408.4
MinimumVisualStudioVersion = 10.0.40219.1
Project("{FAE04EC0-301F-11D3-BF4B-00C04F79EFBC}") = "01_EducationSubjects", "01_EducationSubjects\01_EducationSubjects.csproj", "{667EAC11-C561-483B-BCF3-60341DFF0862}"
EndProject
Project("{FAE04EC0-301F-11D3-BF4B-00C04F79EFBC}") = "02_EducationCamp", "02_EducationCamp\02_EducationCamp.csproj", "{BFD9B2CD-724F-46C4-9F2C-781733FC68D5}"
EndProject
Project("{FAE04EC0-301F-11D3-BF4B-00C04F79EFBC}") = "03_MakingDecison", "03_MakingDecison\03_MakingDecison.csproj", "{76F800B8-3ED3-4F64-8B8A-AB987EDA716F}"
EndProject
Global
	GlobalSection(SolutionConfigurationPlatforms) = preSolution
		Debug|Any CPU = Debug|Any CPU
		Release|Any CPU = Release|Any CPU
	EndGlobalSection
	GlobalSection(ProjectConfigurationPlatforms) = postSolution
		{667EAC11-C561-483B-BCF3-60341DFF0862}.Debug|Any CPU.ActiveCfg = Debug|Any CPU
		{667EAC11-C561-483B-BCF3-60341DFF0862}.Debug|Any CPU.Build.0 = Debug|Any CPU
		{667EAC11-C561-483B-BCF3-60341DFF0862}.Release|Any CPU.ActiveCfg = Release|Any CPU
		{667EAC11-C561-483B-BCF3-60341DFF0862}.Release|Any CPU.Build.0 = Release|Any CPU
		{BFD9B2CD-724F-46C4-9F2C-781733FC68D5}.Debug|Any CPU.ActiveCfg = Debug|Any CPU
		{BFD9B2CD-724F-46C4-9F2C-781733FC68D5}.Debug|Any CPU.Build.0 = Debug|Any CPU
		{BFD9B2CD-724F-46C4-9F2C-781733FC68D5}.Release|Any CPU.ActiveCfg = Release|Any CPU
		{BFD9B2CD-724F-46C4-9F2C-781733FC68D5}.Release|Any CPU.Build.0 = Release|Any CPU
		{76F800B8-3ED3-4F64-8B8A-AB987EDA716F}.Debug|Any CPU.ActiveCfg = Debug|Any CPU
		{76F800B8-3ED3-4F64-8B8A-AB987EDA716F}.Debug|Any CPU.Build.0 = Debug|Any CPU
		{76F800B8-3ED3-4F64-8B8A-AB987EDA716F}.Release|Any CPU.ActiveCfg = Release|Any CPU
		{76F800B8-3ED3-4F64-8B8A-AB987EDA716F}.Release|Any CPU.Build.0 = Release|Any CPU
	EndGlobalSection
	GlobalSection(SolutionProperties) = preSolution
		HideSolutionNode = FALSE
	EndGlobalSection
	GlobalSection(ExtensibilityGlobals) = postSolution
		SolutionGuid = {628CE091-3C72-4A00-BCE6-7903AE1B1CD7}
	EndGlobalSection
EndGlobal
